
Microsoft Visual Studio Solution File, Format Version 12.00
# Visual Studio Version 17
VisualStudioVersion = 17.0.31903.59
MinimumVisualStudioVersion = 10.0.40219.1
Project("{FAE04EC0-301F-11D3-BF4B-00C04F79EFBC}") = "NovaInstaller", "NovaInstaller\NovaInstaller.csproj", "{A1ADD2E1-F566-42D9-8220-4747463EC694}"
EndProject
Project("{FAE04EC0-301F-11D3-BF4B-00C04F79EFBC}") = "NovaInstaller.Tests", "NovaInstaller.Tests\NovaInstaller.Tests.csproj", "{7D875C5F-A59E-46A2-906E-7A70F15F4837}"
EndProject
Global
	GlobalSection(SolutionConfigurationPlatforms) = preSolution
		Debug|Any CPU = Debug|Any CPU
		Debug|x64 = Debug|x64
		Debug|x86 = Debug|x86
		Release|Any CPU = Release|Any CPU
		Release|x64 = Release|x64
		Release|x86 = Release|x86
	EndGlobalSection
	GlobalSection(ProjectConfigurationPlatforms) = postSolution
		{A1ADD2E1-F566-42D9-8220-4747463EC694}.Debug|Any CPU.ActiveCfg = Debug|Any CPU
		{A1ADD2E1-F566-42D9-8220-4747463EC694}.Debug|Any CPU.Build.0 = Debug|Any CPU
		{A1ADD2E1-F566-42D9-8220-4747463EC694}.Debug|x64.ActiveCfg = Debug|Any CPU
		{A1ADD2E1-F566-42D9-8220-4747463EC694}.Debug|x64.Build.0 = Debug|Any CPU
		{A1ADD2E1-F566-42D9-8220-4747463EC694}.Debug|x86.ActiveCfg = Debug|Any CPU
		{A1ADD2E1-F566-42D9-8220-4747463EC694}.Debug|x86.Build.0 = Debug|Any CPU
		{A1ADD2E1-F566-42D9-8220-4747463EC694}.Release|Any CPU.ActiveCfg = Release|Any CPU
		{A1ADD2E1-F566-42D9-8220-4747463EC694}.Release|Any CPU.Build.0 = Release|Any CPU
		{A1ADD2E1-F566-42D9-8220-4747463EC694}.Release|x64.ActiveCfg = Release|Any CPU
		{A1ADD2E1-F566-42D9-8220-4747463EC694}.Release|x64.Build.0 = Release|Any CPU
		{A1ADD2E1-F566-42D9-8220-4747463EC694}.Release|x86.ActiveCfg = Release|Any CPU
		{A1ADD2E1-F566-42D9-8220-4747463EC694}.Release|x86.Build.0 = Release|Any CPU
		{7D875C5F-A59E-46A2-906E-7A70F15F4837}.Debug|Any CPU.ActiveCfg = Debug|Any CPU
		{7D875C5F-A59E-46A2-906E-7A70F15F4837}.Debug|Any CPU.Build.0 = Debug|Any CPU
		{7D875C5F-A59E-46A2-906E-7A70F15F4837}.Debug|x64.ActiveCfg = Debug|Any CPU
		{7D875C5F-A59E-46A2-906E-7A70F15F4837}.Debug|x64.Build.0 = Debug|Any CPU
		{7D875C5F-A59E-46A2-906E-7A70F15F4837}.Debug|x86.ActiveCfg = Debug|Any CPU
		{7D875C5F-A59E-46A2-906E-7A70F15F4837}.Debug|x86.Build.0 = Debug|Any CPU
		{7D875C5F-A59E-46A2-906E-7A70F15F4837}.Release|Any CPU.ActiveCfg = Release|Any CPU
		{7D875C5F-A59E-46A2-906E-7A70F15F4837}.Release|Any CPU.Build.0 = Release|Any CPU
		{7D875C5F-A59E-46A2-906E-7A70F15F4837}.Release|x64.ActiveCfg = Release|Any CPU
		{7D875C5F-A59E-46A2-906E-7A70F15F4837}.Release|x64.Build.0 = Release|Any CPU
		{7D875C5F-A59E-46A2-906E-7A70F15F4837}.Release|x86.ActiveCfg = Release|Any CPU
		{7D875C5F-A59E-46A2-906E-7A70F15F4837}.Release|x86.Build.0 = Release|Any CPU
	EndGlobalSection
	GlobalSection(SolutionProperties) = preSolution
		HideSolutionNode = FALSE
	EndGlobalSection
EndGlobal
